// !$*UTF8*$!
{
	archiveVersion = 1;
	classes = {
	};
	objectVersion = 52;
	objects = {

/* Begin PBXBuildFile section */
		D8E9D3532719041A00B160CA /* MoviesSwiftUIApp.swift in Sources */ = {isa = PBXBuildFile; fileRef = D8E9D3522719041A00B160CA /* MoviesSwiftUIApp.swift */; };
		D8E9D3552719041A00B160CA /* ContentView.swift in Sources */ = {isa = PBXBuildFile; fileRef = D8E9D3542719041A00B160CA /* ContentView.swift */; };
		D8E9D3572719041D00B160CA /* Assets.xcassets in Resources */ = {isa = PBXBuildFile; fileRef = D8E9D3562719041D00B160CA /* Assets.xcassets */; };
		D8E9D35A2719041D00B160CA /* Preview Assets.xcassets in Resources */ = {isa = PBXBuildFile; fileRef = D8E9D3592719041D00B160CA /* Preview Assets.xcassets */; };
		D8E9D3912719045A00B160CA /* BaseWireframe.swift in Sources */ = {isa = PBXBuildFile; fileRef = D8E9D3682719045900B160CA /* BaseWireframe.swift */; };
		D8E9D3922719045A00B160CA /* FormatterInterface.swift in Sources */ = {isa = PBXBuildFile; fileRef = D8E9D3692719045900B160CA /* FormatterInterface.swift */; };
		D8E9D3932719045A00B160CA /* UIStoryboardExtension.swift in Sources */ = {isa = PBXBuildFile; fileRef = D8E9D36A2719045900B160CA /* UIStoryboardExtension.swift */; };
		D8E9D3942719045A00B160CA /* PresenterInterface.swift in Sources */ = {isa = PBXBuildFile; fileRef = D8E9D36B2719045900B160CA /* PresenterInterface.swift */; };
		D8E9D3952719045A00B160CA /* ViewInterface.swift in Sources */ = {isa = PBXBuildFile; fileRef = D8E9D36C2719045900B160CA /* ViewInterface.swift */; };
		D8E9D3962719045A00B160CA /* InteractorInterface.swift in Sources */ = {isa = PBXBuildFile; fileRef = D8E9D36D2719045900B160CA /* InteractorInterface.swift */; };
		D8E9D3AE2719047900B160CA /* BaseComponents in Frameworks */ = {isa = PBXBuildFile; productRef = D8E9D3AD2719047900B160CA /* BaseComponents */; };
		D8E9D3CF2719238C00B160CA /* MovieModel.swift in Sources */ = {isa = PBXBuildFile; fileRef = D8E9D3CD2719238B00B160CA /* MovieModel.swift */; };
		D8E9D3D02719238C00B160CA /* Movie+Stub.swift in Sources */ = {isa = PBXBuildFile; fileRef = D8E9D3CE2719238B00B160CA /* Movie+Stub.swift */; };
		D8E9D3D4271923D100B160CA /* MovieService.swift in Sources */ = {isa = PBXBuildFile; fileRef = D8E9D3D3271923D100B160CA /* MovieService.swift */; };
		D8E9D3D6271925F300B160CA /* MovieStore.swift in Sources */ = {isa = PBXBuildFile; fileRef = D8E9D3D5271925F300B160CA /* MovieStore.swift */; };
		D8E9D3D8271926AE00B160CA /* Utilities.swift in Sources */ = {isa = PBXBuildFile; fileRef = D8E9D3D7271926AE00B160CA /* Utilities.swift */; };
		D8E9D3DD27192D2A00B160CA /* movie_info.json in Resources */ = {isa = PBXBuildFile; fileRef = D8E9D3DA27192D2A00B160CA /* movie_info.json */; };
		D8E9D3DE27192D2A00B160CA /* movie_list.json in Resources */ = {isa = PBXBuildFile; fileRef = D8E9D3DB27192D2A00B160CA /* movie_list.json */; };
		D8E9D3DF27192D2A00B160CA /* search_movie.json in Resources */ = {isa = PBXBuildFile; fileRef = D8E9D3DC27192D2A00B160CA /* search_movie.json */; };
		D8E9D3E227192E7D00B160CA /* MovieWideCard.swift in Sources */ = {isa = PBXBuildFile; fileRef = D8E9D3E127192E7D00B160CA /* MovieWideCard.swift */; };
		D8E9D3E527192E9C00B160CA /* ImageLoader.swift in Sources */ = {isa = PBXBuildFile; fileRef = D8E9D3E427192E9C00B160CA /* ImageLoader.swift */; };
		D8E9D3E72719349F00B160CA /* MovieWideCardCarousel.swift in Sources */ = {isa = PBXBuildFile; fileRef = D8E9D3E62719349F00B160CA /* MovieWideCardCarousel.swift */; };
		D8E9D3ED271936BC00B160CA /* MovieLongCard.swift in Sources */ = {isa = PBXBuildFile; fileRef = D8E9D3EC271936BC00B160CA /* MovieLongCard.swift */; };
		D8E9D3EF2719389200B160CA /* MovieLongCardCarousel.swift in Sources */ = {isa = PBXBuildFile; fileRef = D8E9D3EE2719389200B160CA /* MovieLongCardCarousel.swift */; };
		D8E9D3F1271939BA00B160CA /* MovieListState.swift in Sources */ = {isa = PBXBuildFile; fileRef = D8E9D3F0271939BA00B160CA /* MovieListState.swift */; };
		D8E9D3F427193B7300B160CA /* ActivityIndicatorView.swift in Sources */ = {isa = PBXBuildFile; fileRef = D8E9D3F327193B7300B160CA /* ActivityIndicatorView.swift */; };
		D8E9D3F627193BDF00B160CA /* LoadingView.swift in Sources */ = {isa = PBXBuildFile; fileRef = D8E9D3F527193BDF00B160CA /* LoadingView.swift */; };
		D8E9D3F8271941B200B160CA /* MovieListView.swift in Sources */ = {isa = PBXBuildFile; fileRef = D8E9D3F7271941B200B160CA /* MovieListView.swift */; };
/* End PBXBuildFile section */

/* Begin PBXFileReference section */
		D8E9D34F2719041A00B160CA /* MoviesSwiftUI.app */ = {isa = PBXFileReference; explicitFileType = wrapper.application; includeInIndex = 0; path = MoviesSwiftUI.app; sourceTree = BUILT_PRODUCTS_DIR; };
		D8E9D3522719041A00B160CA /* MoviesSwiftUIApp.swift */ = {isa = PBXFileReference; lastKnownFileType = sourcecode.swift; path = MoviesSwiftUIApp.swift; sourceTree = "<group>"; };
		D8E9D3542719041A00B160CA /* ContentView.swift */ = {isa = PBXFileReference; lastKnownFileType = sourcecode.swift; path = ContentView.swift; sourceTree = "<group>"; };
		D8E9D3562719041D00B160CA /* Assets.xcassets */ = {isa = PBXFileReference; lastKnownFileType = folder.assetcatalog; path = Assets.xcassets; sourceTree = "<group>"; };
		D8E9D3592719041D00B160CA /* Preview Assets.xcassets */ = {isa = PBXFileReference; lastKnownFileType = folder.assetcatalog; path = "Preview Assets.xcassets"; sourceTree = "<group>"; };
		D8E9D35B2719041D00B160CA /* Info.plist */ = {isa = PBXFileReference; lastKnownFileType = text.plist.xml; path = Info.plist; sourceTree = "<group>"; };
		D8E9D3682719045900B160CA /* BaseWireframe.swift */ = {isa = PBXFileReference; fileEncoding = 4; lastKnownFileType = sourcecode.swift; path = BaseWireframe.swift; sourceTree = "<group>"; };
		D8E9D3692719045900B160CA /* FormatterInterface.swift */ = {isa = PBXFileReference; fileEncoding = 4; lastKnownFileType = sourcecode.swift; path = FormatterInterface.swift; sourceTree = "<group>"; };
		D8E9D36A2719045900B160CA /* UIStoryboardExtension.swift */ = {isa = PBXFileReference; fileEncoding = 4; lastKnownFileType = sourcecode.swift; path = UIStoryboardExtension.swift; sourceTree = "<group>"; };
		D8E9D36B2719045900B160CA /* PresenterInterface.swift */ = {isa = PBXFileReference; fileEncoding = 4; lastKnownFileType = sourcecode.swift; path = PresenterInterface.swift; sourceTree = "<group>"; };
		D8E9D36C2719045900B160CA /* ViewInterface.swift */ = {isa = PBXFileReference; fileEncoding = 4; lastKnownFileType = sourcecode.swift; path = ViewInterface.swift; sourceTree = "<group>"; };
		D8E9D36D2719045900B160CA /* InteractorInterface.swift */ = {isa = PBXFileReference; fileEncoding = 4; lastKnownFileType = sourcecode.swift; path = InteractorInterface.swift; sourceTree = "<group>"; };
		D8E9D3CD2719238B00B160CA /* MovieModel.swift */ = {isa = PBXFileReference; fileEncoding = 4; lastKnownFileType = sourcecode.swift; path = MovieModel.swift; sourceTree = "<group>"; };
		D8E9D3CE2719238B00B160CA /* Movie+Stub.swift */ = {isa = PBXFileReference; fileEncoding = 4; lastKnownFileType = sourcecode.swift; path = "Movie+Stub.swift"; sourceTree = "<group>"; };
		D8E9D3D3271923D100B160CA /* MovieService.swift */ = {isa = PBXFileReference; lastKnownFileType = sourcecode.swift; path = MovieService.swift; sourceTree = "<group>"; };
		D8E9D3D5271925F300B160CA /* MovieStore.swift */ = {isa = PBXFileReference; lastKnownFileType = sourcecode.swift; path = MovieStore.swift; sourceTree = "<group>"; };
		D8E9D3D7271926AE00B160CA /* Utilities.swift */ = {isa = PBXFileReference; lastKnownFileType = sourcecode.swift; path = Utilities.swift; sourceTree = "<group>"; };
		D8E9D3DA27192D2A00B160CA /* movie_info.json */ = {isa = PBXFileReference; fileEncoding = 4; lastKnownFileType = text.json; path = movie_info.json; sourceTree = "<group>"; };
		D8E9D3DB27192D2A00B160CA /* movie_list.json */ = {isa = PBXFileReference; fileEncoding = 4; lastKnownFileType = text.json; path = movie_list.json; sourceTree = "<group>"; };
		D8E9D3DC27192D2A00B160CA /* search_movie.json */ = {isa = PBXFileReference; fileEncoding = 4; lastKnownFileType = text.json; path = search_movie.json; sourceTree = "<group>"; };
		D8E9D3E127192E7D00B160CA /* MovieWideCard.swift */ = {isa = PBXFileReference; lastKnownFileType = sourcecode.swift; path = MovieWideCard.swift; sourceTree = "<group>"; };
		D8E9D3E427192E9C00B160CA /* ImageLoader.swift */ = {isa = PBXFileReference; lastKnownFileType = sourcecode.swift; path = ImageLoader.swift; sourceTree = "<group>"; };
		D8E9D3E62719349F00B160CA /* MovieWideCardCarousel.swift */ = {isa = PBXFileReference; lastKnownFileType = sourcecode.swift; path = MovieWideCardCarousel.swift; sourceTree = "<group>"; };
		D8E9D3EC271936BC00B160CA /* MovieLongCard.swift */ = {isa = PBXFileReference; lastKnownFileType = sourcecode.swift; path = MovieLongCard.swift; sourceTree = "<group>"; };
		D8E9D3EE2719389200B160CA /* MovieLongCardCarousel.swift */ = {isa = PBXFileReference; lastKnownFileType = sourcecode.swift; path = MovieLongCardCarousel.swift; sourceTree = "<group>"; };
		D8E9D3F0271939BA00B160CA /* MovieListState.swift */ = {isa = PBXFileReference; lastKnownFileType = sourcecode.swift; path = MovieListState.swift; sourceTree = "<group>"; };
		D8E9D3F327193B7300B160CA /* ActivityIndicatorView.swift */ = {isa = PBXFileReference; lastKnownFileType = sourcecode.swift; path = ActivityIndicatorView.swift; sourceTree = "<group>"; };
		D8E9D3F527193BDF00B160CA /* LoadingView.swift */ = {isa = PBXFileReference; lastKnownFileType = sourcecode.swift; path = LoadingView.swift; sourceTree = "<group>"; };
		D8E9D3F7271941B200B160CA /* MovieListView.swift */ = {isa = PBXFileReference; lastKnownFileType = sourcecode.swift; path = MovieListView.swift; sourceTree = "<group>"; };
/* End PBXFileReference section */

/* Begin PBXFrameworksBuildPhase section */
		D8E9D34C2719041A00B160CA /* Frameworks */ = {
			isa = PBXFrameworksBuildPhase;
			buildActionMask = 2147483647;
			files = (
				D8E9D3AE2719047900B160CA /* BaseComponents in Frameworks */,
			);
			runOnlyForDeploymentPostprocessing = 0;
		};
/* End PBXFrameworksBuildPhase section */

/* Begin PBXGroup section */
		D8E9D3462719041A00B160CA = {
			isa = PBXGroup;
			children = (
				D8E9D3512719041A00B160CA /* MoviesSwiftUI */,
				D8E9D3502719041A00B160CA /* Products */,
			);
			sourceTree = "<group>";
		};
		D8E9D3502719041A00B160CA /* Products */ = {
			isa = PBXGroup;
			children = (
				D8E9D34F2719041A00B160CA /* MoviesSwiftUI.app */,
			);
			name = Products;
			sourceTree = "<group>";
		};
		D8E9D3512719041A00B160CA /* MoviesSwiftUI */ = {
			isa = PBXGroup;
			children = (
				D8E9D3672719045900B160CA /* Base VIPER Interfaces */,
				D8E9D3E327192E8700B160CA /* Bindings */,
				D8E9D3522719041A00B160CA /* MoviesSwiftUIApp.swift */,
				D8E9D3542719041A00B160CA /* ContentView.swift */,
				D8E9D3D7271926AE00B160CA /* Utilities.swift */,
				D8E9D3E027192E5700B160CA /* Views */,
				D8E9D3D2271923C800B160CA /* Services */,
				D8E9D3D12719239F00B160CA /* Model */,
				D8E9D3562719041D00B160CA /* Assets.xcassets */,
				D8E9D35B2719041D00B160CA /* Info.plist */,
				D8E9D3D927192D2A00B160CA /* DummyJsons */,
				D8E9D3582719041D00B160CA /* Preview Content */,
			);
			path = MoviesSwiftUI;
			sourceTree = "<group>";
		};
		D8E9D3582719041D00B160CA /* Preview Content */ = {
			isa = PBXGroup;
			children = (
				D8E9D3592719041D00B160CA /* Preview Assets.xcassets */,
			);
			path = "Preview Content";
			sourceTree = "<group>";
		};
		D8E9D3672719045900B160CA /* Base VIPER Interfaces */ = {
			isa = PBXGroup;
			children = (
				D8E9D3682719045900B160CA /* BaseWireframe.swift */,
				D8E9D3692719045900B160CA /* FormatterInterface.swift */,
				D8E9D36A2719045900B160CA /* UIStoryboardExtension.swift */,
				D8E9D36B2719045900B160CA /* PresenterInterface.swift */,
				D8E9D36C2719045900B160CA /* ViewInterface.swift */,
				D8E9D36D2719045900B160CA /* InteractorInterface.swift */,
			);
			path = "Base VIPER Interfaces";
			sourceTree = "<group>";
		};
		D8E9D3D12719239F00B160CA /* Model */ = {
			isa = PBXGroup;
			children = (
				D8E9D3CD2719238B00B160CA /* MovieModel.swift */,
				D8E9D3CE2719238B00B160CA /* Movie+Stub.swift */,
			);
			path = Model;
			sourceTree = "<group>";
		};
		D8E9D3D2271923C800B160CA /* Services */ = {
			isa = PBXGroup;
			children = (
				D8E9D3D3271923D100B160CA /* MovieService.swift */,
				D8E9D3D5271925F300B160CA /* MovieStore.swift */,
			);
			path = Services;
			sourceTree = "<group>";
		};
		D8E9D3D927192D2A00B160CA /* DummyJsons */ = {
			isa = PBXGroup;
			children = (
				D8E9D3DB27192D2A00B160CA /* movie_list.json */,
				D8E9D3DA27192D2A00B160CA /* movie_info.json */,
				D8E9D3DC27192D2A00B160CA /* search_movie.json */,
			);
			name = DummyJsons;
			path = "../../../../../../DesktopFolder/SwiftUITMDbV2-master/SwiftUIMovieDb/DummyJsons";
			sourceTree = "<group>";
		};
		D8E9D3E027192E5700B160CA /* Views */ = {
			isa = PBXGroup;
			children = (
				D8E9D3F227193B3A00B160CA /* LoadingViews */,
				D8E9D3E92719369800B160CA /* LongCarouselCards */,
				D8E9D3E82719368900B160CA /* WideCarouselCards */,
				D8E9D3F7271941B200B160CA /* MovieListView.swift */,
			);
			path = Views;
			sourceTree = "<group>";
		};
		D8E9D3E327192E8700B160CA /* Bindings */ = {
			isa = PBXGroup;
			children = (
				D8E9D3E427192E9C00B160CA /* ImageLoader.swift */,
				D8E9D3F0271939BA00B160CA /* MovieListState.swift */,
			);
			path = Bindings;
			sourceTree = "<group>";
		};
		D8E9D3E82719368900B160CA /* WideCarouselCards */ = {
			isa = PBXGroup;
			children = (
				D8E9D3E127192E7D00B160CA /* MovieWideCard.swift */,
				D8E9D3E62719349F00B160CA /* MovieWideCardCarousel.swift */,
			);
			path = WideCarouselCards;
			sourceTree = "<group>";
		};
		D8E9D3E92719369800B160CA /* LongCarouselCards */ = {
			isa = PBXGroup;
			children = (
				D8E9D3EC271936BC00B160CA /* MovieLongCard.swift */,
				D8E9D3EE2719389200B160CA /* MovieLongCardCarousel.swift */,
			);
			path = LongCarouselCards;
			sourceTree = "<group>";
		};
		D8E9D3F227193B3A00B160CA /* LoadingViews */ = {
			isa = PBXGroup;
			children = (
				D8E9D3F327193B7300B160CA /* ActivityIndicatorView.swift */,
				D8E9D3F527193BDF00B160CA /* LoadingView.swift */,
			);
			name = LoadingViews;
			path = "New Group";
			sourceTree = "<group>";
		};
/* End PBXGroup section */

/* Begin PBXNativeTarget section */
		D8E9D34E2719041A00B160CA /* MoviesSwiftUI */ = {
			isa = PBXNativeTarget;
			buildConfigurationList = D8E9D35E2719041D00B160CA /* Build configuration list for PBXNativeTarget "MoviesSwiftUI" */;
			buildPhases = (
				D8E9D34B2719041A00B160CA /* Sources */,
				D8E9D34C2719041A00B160CA /* Frameworks */,
				D8E9D34D2719041A00B160CA /* Resources */,
			);
			buildRules = (
			);
			dependencies = (
			);
			name = MoviesSwiftUI;
			packageProductDependencies = (
				D8E9D3AD2719047900B160CA /* BaseComponents */,
			);
			productName = MoviesSwiftUI;
			productReference = D8E9D34F2719041A00B160CA /* MoviesSwiftUI.app */;
			productType = "com.apple.product-type.application";
		};
/* End PBXNativeTarget section */

/* Begin PBXProject section */
		D8E9D3472719041A00B160CA /* Project object */ = {
			isa = PBXProject;
			attributes = {
				LastSwiftUpdateCheck = 1250;
				LastUpgradeCheck = 1250;
				TargetAttributes = {
					D8E9D34E2719041A00B160CA = {
						CreatedOnToolsVersion = 12.5.1;
					};
				};
			};
			buildConfigurationList = D8E9D34A2719041A00B160CA /* Build configuration list for PBXProject "MoviesSwiftUI" */;
			compatibilityVersion = "Xcode 9.3";
			developmentRegion = en;
			hasScannedForEncodings = 0;
			knownRegions = (
				en,
				Base,
			);
			mainGroup = D8E9D3462719041A00B160CA;
			packageReferences = (
				D8E9D3AC2719047900B160CA /* XCRemoteSwiftPackageReference "BaseComponents" */,
			);
			productRefGroup = D8E9D3502719041A00B160CA /* Products */;
			projectDirPath = "";
			projectRoot = "";
			targets = (
				D8E9D34E2719041A00B160CA /* MoviesSwiftUI */,
			);
		};
/* End PBXProject section */

/* Begin PBXResourcesBuildPhase section */
		D8E9D34D2719041A00B160CA /* Resources */ = {
			isa = PBXResourcesBuildPhase;
			buildActionMask = 2147483647;
			files = (
				D8E9D35A2719041D00B160CA /* Preview Assets.xcassets in Resources */,
				D8E9D3DD27192D2A00B160CA /* movie_info.json in Resources */,
				D8E9D3DE27192D2A00B160CA /* movie_list.json in Resources */,
				D8E9D3DF27192D2A00B160CA /* search_movie.json in Resources */,
				D8E9D3572719041D00B160CA /* Assets.xcassets in Resources */,
			);
			runOnlyForDeploymentPostprocessing = 0;
		};
/* End PBXResourcesBuildPhase section */

/* Begin PBXSourcesBuildPhase section */
		D8E9D34B2719041A00B160CA /* Sources */ = {
			isa = PBXSourcesBuildPhase;
			buildActionMask = 2147483647;
			files = (
				D8E9D3962719045A00B160CA /* InteractorInterface.swift in Sources */,
				D8E9D3F8271941B200B160CA /* MovieListView.swift in Sources */,
				D8E9D3922719045A00B160CA /* FormatterInterface.swift in Sources */,
				D8E9D3E527192E9C00B160CA /* ImageLoader.swift in Sources */,
				D8E9D3F1271939BA00B160CA /* MovieListState.swift in Sources */,
				D8E9D3552719041A00B160CA /* ContentView.swift in Sources */,
				D8E9D3F627193BDF00B160CA /* LoadingView.swift in Sources */,
				D8E9D3EF2719389200B160CA /* MovieLongCardCarousel.swift in Sources */,
				D8E9D3D02719238C00B160CA /* Movie+Stub.swift in Sources */,
				D8E9D3D8271926AE00B160CA /* Utilities.swift in Sources */,
				D8E9D3D6271925F300B160CA /* MovieStore.swift in Sources */,
				D8E9D3E72719349F00B160CA /* MovieWideCardCarousel.swift in Sources */,
				D8E9D3CF2719238C00B160CA /* MovieModel.swift in Sources */,
				D8E9D3F427193B7300B160CA /* ActivityIndicatorView.swift in Sources */,
				D8E9D3532719041A00B160CA /* MoviesSwiftUIApp.swift in Sources */,
				D8E9D3942719045A00B160CA /* PresenterInterface.swift in Sources */,
				D8E9D3E227192E7D00B160CA /* MovieWideCard.swift in Sources */,
				D8E9D3932719045A00B160CA /* UIStoryboardExtension.swift in Sources */,
				D8E9D3ED271936BC00B160CA /* MovieLongCard.swift in Sources */,
				D8E9D3912719045A00B160CA /* BaseWireframe.swift in Sources */,
				D8E9D3952719045A00B160CA /* ViewInterface.swift in Sources */,
				D8E9D3D4271923D100B160CA /* MovieService.swift in Sources */,
			);
			runOnlyForDeploymentPostprocessing = 0;
		};
/* End PBXSourcesBuildPhase section */

/* Begin XCBuildConfiguration section */
		D8E9D35C2719041D00B160CA /* Debug */ = {
			isa = XCBuildConfiguration;
			buildSettings = {
				ALWAYS_SEARCH_USER_PATHS = NO;
				CLANG_ANALYZER_NONNULL = YES;
				CLANG_ANALYZER_NUMBER_OBJECT_CONVERSION = YES_AGGRESSIVE;
				CLANG_CXX_LANGUAGE_STANDARD = "gnu++14";
				CLANG_CXX_LIBRARY = "libc++";
				CLANG_ENABLE_MODULES = YES;
				CLANG_ENABLE_OBJC_ARC = YES;
				CLANG_ENABLE_OBJC_WEAK = YES;
				CLANG_WARN_BLOCK_CAPTURE_AUTORELEASING = YES;
				CLANG_WARN_BOOL_CONVERSION = YES;
				CLANG_WARN_COMMA = YES;
				CLANG_WARN_CONSTANT_CONVERSION = YES;
				CLANG_WARN_DEPRECATED_OBJC_IMPLEMENTATIONS = YES;
				CLANG_WARN_DIRECT_OBJC_ISA_USAGE = YES_ERROR;
				CLANG_WARN_DOCUMENTATION_COMMENTS = YES;
				CLANG_WARN_EMPTY_BODY = YES;
				CLANG_WARN_ENUM_CONVERSION = YES;
				CLANG_WARN_INFINITE_RECURSION = YES;
				CLANG_WARN_INT_CONVERSION = YES;
				CLANG_WARN_NON_LITERAL_NULL_CONVERSION = YES;
				CLANG_WARN_OBJC_IMPLICIT_RETAIN_SELF = YES;
				CLANG_WARN_OBJC_LITERAL_CONVERSION = YES;
				CLANG_WARN_OBJC_ROOT_CLASS = YES_ERROR;
				CLANG_WARN_QUOTED_INCLUDE_IN_FRAMEWORK_HEADER = YES;
				CLANG_WARN_RANGE_LOOP_ANALYSIS = YES;
				CLANG_WARN_STRICT_PROTOTYPES = YES;
				CLANG_WARN_SUSPICIOUS_MOVE = YES;
				CLANG_WARN_UNGUARDED_AVAILABILITY = YES_AGGRESSIVE;
				CLANG_WARN_UNREACHABLE_CODE = YES;
				CLANG_WARN__DUPLICATE_METHOD_MATCH = YES;
				COPY_PHASE_STRIP = NO;
				DEBUG_INFORMATION_FORMAT = dwarf;
				ENABLE_STRICT_OBJC_MSGSEND = YES;
				ENABLE_TESTABILITY = YES;
				GCC_C_LANGUAGE_STANDARD = gnu11;
				GCC_DYNAMIC_NO_PIC = NO;
				GCC_NO_COMMON_BLOCKS = YES;
				GCC_OPTIMIZATION_LEVEL = 0;
				GCC_PREPROCESSOR_DEFINITIONS = (
					"DEBUG=1",
					"$(inherited)",
				);
				GCC_WARN_64_TO_32_BIT_CONVERSION = YES;
				GCC_WARN_ABOUT_RETURN_TYPE = YES_ERROR;
				GCC_WARN_UNDECLARED_SELECTOR = YES;
				GCC_WARN_UNINITIALIZED_AUTOS = YES_AGGRESSIVE;
				GCC_WARN_UNUSED_FUNCTION = YES;
				GCC_WARN_UNUSED_VARIABLE = YES;
				IPHONEOS_DEPLOYMENT_TARGET = 14.5;
				MTL_ENABLE_DEBUG_INFO = INCLUDE_SOURCE;
				MTL_FAST_MATH = YES;
				ONLY_ACTIVE_ARCH = YES;
				SDKROOT = iphoneos;
				SWIFT_ACTIVE_COMPILATION_CONDITIONS = DEBUG;
				SWIFT_OPTIMIZATION_LEVEL = "-Onone";
			};
			name = Debug;
		};
		D8E9D35D2719041D00B160CA /* Release */ = {
			isa = XCBuildConfiguration;
			buildSettings = {
				ALWAYS_SEARCH_USER_PATHS = NO;
				CLANG_ANALYZER_NONNULL = YES;
				CLANG_ANALYZER_NUMBER_OBJECT_CONVERSION = YES_AGGRESSIVE;
				CLANG_CXX_LANGUAGE_STANDARD = "gnu++14";
				CLANG_CXX_LIBRARY = "libc++";
				CLANG_ENABLE_MODULES = YES;
				CLANG_ENABLE_OBJC_ARC = YES;
				CLANG_ENABLE_OBJC_WEAK = YES;
				CLANG_WARN_BLOCK_CAPTURE_AUTORELEASING = YES;
				CLANG_WARN_BOOL_CONVERSION = YES;
				CLANG_WARN_COMMA = YES;
				CLANG_WARN_CONSTANT_CONVERSION = YES;
				CLANG_WARN_DEPRECATED_OBJC_IMPLEMENTATIONS = YES;
				CLANG_WARN_DIRECT_OBJC_ISA_USAGE = YES_ERROR;
				CLANG_WARN_DOCUMENTATION_COMMENTS = YES;
				CLANG_WARN_EMPTY_BODY = YES;
				CLANG_WARN_ENUM_CONVERSION = YES;
				CLANG_WARN_INFINITE_RECURSION = YES;
				CLANG_WARN_INT_CONVERSION = YES;
				CLANG_WARN_NON_LITERAL_NULL_CONVERSION = YES;
				CLANG_WARN_OBJC_IMPLICIT_RETAIN_SELF = YES;
				CLANG_WARN_OBJC_LITERAL_CONVERSION = YES;
				CLANG_WARN_OBJC_ROOT_CLASS = YES_ERROR;
				CLANG_WARN_QUOTED_INCLUDE_IN_FRAMEWORK_HEADER = YES;
				CLANG_WARN_RANGE_LOOP_ANALYSIS = YES;
				CLANG_WARN_STRICT_PROTOTYPES = YES;
				CLANG_WARN_SUSPICIOUS_MOVE = YES;
				CLANG_WARN_UNGUARDED_AVAILABILITY = YES_AGGRESSIVE;
				CLANG_WARN_UNREACHABLE_CODE = YES;
				CLANG_WARN__DUPLICATE_METHOD_MATCH = YES;
				COPY_PHASE_STRIP = NO;
				DEBUG_INFORMATION_FORMAT = "dwarf-with-dsym";
				ENABLE_NS_ASSERTIONS = NO;
				ENABLE_STRICT_OBJC_MSGSEND = YES;
				GCC_C_LANGUAGE_STANDARD = gnu11;
				GCC_NO_COMMON_BLOCKS = YES;
				GCC_WARN_64_TO_32_BIT_CONVERSION = YES;
				GCC_WARN_ABOUT_RETURN_TYPE = YES_ERROR;
				GCC_WARN_UNDECLARED_SELECTOR = YES;
				GCC_WARN_UNINITIALIZED_AUTOS = YES_AGGRESSIVE;
				GCC_WARN_UNUSED_FUNCTION = YES;
				GCC_WARN_UNUSED_VARIABLE = YES;
				IPHONEOS_DEPLOYMENT_TARGET = 14.5;
				MTL_ENABLE_DEBUG_INFO = NO;
				MTL_FAST_MATH = YES;
				SDKROOT = iphoneos;
				SWIFT_COMPILATION_MODE = wholemodule;
				SWIFT_OPTIMIZATION_LEVEL = "-O";
				VALIDATE_PRODUCT = YES;
			};
			name = Release;
		};
		D8E9D35F2719041D00B160CA /* Debug */ = {
			isa = XCBuildConfiguration;
			buildSettings = {
				ASSETCATALOG_COMPILER_APPICON_NAME = AppIcon;
				ASSETCATALOG_COMPILER_GLOBAL_ACCENT_COLOR_NAME = AccentColor;
				CODE_SIGN_STYLE = Automatic;
				DEVELOPMENT_ASSET_PATHS = "\"MoviesSwiftUI/Preview Content\"";
				DEVELOPMENT_TEAM = 7LSPRM5R8H;
				ENABLE_PREVIEWS = YES;
				INFOPLIST_FILE = MoviesSwiftUI/Info.plist;
				IPHONEOS_DEPLOYMENT_TARGET = 14.0;
				LD_RUNPATH_SEARCH_PATHS = (
					"$(inherited)",
					"@executable_path/Frameworks",
				);
				PRODUCT_BUNDLE_IDENTIFIER = com.dogukaan.MoviesSwiftUI;
				PRODUCT_NAME = "$(TARGET_NAME)";
				SWIFT_VERSION = 5.0;
				TARGETED_DEVICE_FAMILY = "1,2";
			};
			name = Debug;
		};
		D8E9D3602719041D00B160CA /* Release */ = {
			isa = XCBuildConfiguration;
			buildSettings = {
				ASSETCATALOG_COMPILER_APPICON_NAME = AppIcon;
				ASSETCATALOG_COMPILER_GLOBAL_ACCENT_COLOR_NAME = AccentColor;
				CODE_SIGN_STYLE = Automatic;
				DEVELOPMENT_ASSET_PATHS = "\"MoviesSwiftUI/Preview Content\"";
				DEVELOPMENT_TEAM = 7LSPRM5R8H;
				ENABLE_PREVIEWS = YES;
				INFOPLIST_FILE = MoviesSwiftUI/Info.plist;
				IPHONEOS_DEPLOYMENT_TARGET = 14.0;
				LD_RUNPATH_SEARCH_PATHS = (
					"$(inherited)",
					"@executable_path/Frameworks",
				);
				PRODUCT_BUNDLE_IDENTIFIER = com.dogukaan.MoviesSwiftUI;
				PRODUCT_NAME = "$(TARGET_NAME)";
				SWIFT_VERSION = 5.0;
				TARGETED_DEVICE_FAMILY = "1,2";
			};
			name = Release;
		};
/* End XCBuildConfiguration section */

/* Begin XCConfigurationList section */
		D8E9D34A2719041A00B160CA /* Build configuration list for PBXProject "MoviesSwiftUI" */ = {
			isa = XCConfigurationList;
			buildConfigurations = (
				D8E9D35C2719041D00B160CA /* Debug */,
				D8E9D35D2719041D00B160CA /* Release */,
			);
			defaultConfigurationIsVisible = 0;
			defaultConfigurationName = Release;
		};
		D8E9D35E2719041D00B160CA /* Build configuration list for PBXNativeTarget "MoviesSwiftUI" */ = {
			isa = XCConfigurationList;
			buildConfigurations = (
				D8E9D35F2719041D00B160CA /* Debug */,
				D8E9D3602719041D00B160CA /* Release */,
			);
			defaultConfigurationIsVisible = 0;
			defaultConfigurationName = Release;
		};
/* End XCConfigurationList section */

/* Begin XCRemoteSwiftPackageReference section */
		D8E9D3AC2719047900B160CA /* XCRemoteSwiftPackageReference "BaseComponents" */ = {
			isa = XCRemoteSwiftPackageReference;
			repositoryURL = "https://github.com/darkbringer1/BaseComponents.git";
			requirement = {
				kind = upToNextMajorVersion;
				minimumVersion = 1.0.18;
			};
		};
/* End XCRemoteSwiftPackageReference section */

/* Begin XCSwiftPackageProductDependency section */
		D8E9D3AD2719047900B160CA /* BaseComponents */ = {
			isa = XCSwiftPackageProductDependency;
			package = D8E9D3AC2719047900B160CA /* XCRemoteSwiftPackageReference "BaseComponents" */;
			productName = BaseComponents;
		};
/* End XCSwiftPackageProductDependency section */
	};
	rootObject = D8E9D3472719041A00B160CA /* Project object */;
}
